
Microsoft Visual Studio Solution File, Format Version 12.00
# Visual Studio 2012
Project("{FAE04EC0-301F-11D3-BF4B-00C04F79EFBC}") = "Firebrand.Demos.Demo01_Operators", "Firebrand.Demos.Demo01_Operators\Firebrand.Demos.Demo01_Operators.csproj", "{00EB4832-D02C-4606-A50B-AAAB6280E148}"
EndProject
Project("{FAE04EC0-301F-11D3-BF4B-00C04F79EFBC}") = "Firebrand.Demos.Demo02_Arrays", "FireBrand.Demos.Demo02_Arrays\Firebrand.Demos.Demo02_Arrays.csproj", "{88C69DF3-EC15-43E4-891C-DEBB4BD05589}"
EndProject
Project("{FAE04EC0-301F-11D3-BF4B-00C04F79EFBC}") = "Firebrand.Demos.Demo03_ClassLibrary", "Firebrand.Demos.Demo03_ClassLibrary\Firebrand.Demos.Demo03_ClassLibrary.csproj", "{C93FD6F0-9276-431E-8CB3-FB00FE155F39}"
EndProject
Project("{FAE04EC0-301F-11D3-BF4B-00C04F79EFBC}") = "Firebrand.Demos.Demo04_Inheritance", "Firebrand.Demos.Demo04_Inheritance\Firebrand.Demos.Demo04_Inheritance.csproj", "{FB6E1215-E475-46FC-A3FA-E8D39C40B0B5}"
EndProject
Project("{FAE04EC0-301F-11D3-BF4B-00C04F79EFBC}") = "Firebrand.Demos.Demo05_Objects", "Firebrand.Demos.Demo05_Objects\Firebrand.Demos.Demo05_Objects.csproj", "{516C0B64-7D02-444A-906E-16AD5411AC39}"
EndProject
Project("{FAE04EC0-301F-11D3-BF4B-00C04F79EFBC}") = "Firebrand.Demos.Demo06_Diagnostics", "Firebrand.Demo.Demo06_Diagnostics\Firebrand.Demos.Demo06_Diagnostics.csproj", "{C5E0F05C-07B2-46E3-970D-A2BFAE2237DD}"
EndProject
Project("{FAE04EC0-301F-11D3-BF4B-00C04F79EFBC}") = "Firebrand.Demos.Demo07_EventLog", "Firebrand.Demos.Demo07_EventLog\Firebrand.Demos.Demo07_EventLog.csproj", "{6A84BE6E-C2EC-4FC7-B462-2BDFCDEFEF52}"
EndProject
Global
	GlobalSection(SolutionConfigurationPlatforms) = preSolution
		Debug|Any CPU = Debug|Any CPU
		Release|Any CPU = Release|Any CPU
	EndGlobalSection
	GlobalSection(ProjectConfigurationPlatforms) = postSolution
		{00EB4832-D02C-4606-A50B-AAAB6280E148}.Debug|Any CPU.ActiveCfg = Debug|Any CPU
		{00EB4832-D02C-4606-A50B-AAAB6280E148}.Debug|Any CPU.Build.0 = Debug|Any CPU
		{00EB4832-D02C-4606-A50B-AAAB6280E148}.Release|Any CPU.ActiveCfg = Release|Any CPU
		{00EB4832-D02C-4606-A50B-AAAB6280E148}.Release|Any CPU.Build.0 = Release|Any CPU
		{88C69DF3-EC15-43E4-891C-DEBB4BD05589}.Debug|Any CPU.ActiveCfg = Debug|Any CPU
		{88C69DF3-EC15-43E4-891C-DEBB4BD05589}.Debug|Any CPU.Build.0 = Debug|Any CPU
		{88C69DF3-EC15-43E4-891C-DEBB4BD05589}.Release|Any CPU.ActiveCfg = Release|Any CPU
		{88C69DF3-EC15-43E4-891C-DEBB4BD05589}.Release|Any CPU.Build.0 = Release|Any CPU
		{C93FD6F0-9276-431E-8CB3-FB00FE155F39}.Debug|Any CPU.ActiveCfg = Debug|Any CPU
		{C93FD6F0-9276-431E-8CB3-FB00FE155F39}.Debug|Any CPU.Build.0 = Debug|Any CPU
		{C93FD6F0-9276-431E-8CB3-FB00FE155F39}.Release|Any CPU.ActiveCfg = Release|Any CPU
		{C93FD6F0-9276-431E-8CB3-FB00FE155F39}.Release|Any CPU.Build.0 = Release|Any CPU
		{FB6E1215-E475-46FC-A3FA-E8D39C40B0B5}.Debug|Any CPU.ActiveCfg = Debug|Any CPU
		{FB6E1215-E475-46FC-A3FA-E8D39C40B0B5}.Debug|Any CPU.Build.0 = Debug|Any CPU
		{FB6E1215-E475-46FC-A3FA-E8D39C40B0B5}.Release|Any CPU.ActiveCfg = Release|Any CPU
		{FB6E1215-E475-46FC-A3FA-E8D39C40B0B5}.Release|Any CPU.Build.0 = Release|Any CPU
		{516C0B64-7D02-444A-906E-16AD5411AC39}.Debug|Any CPU.ActiveCfg = Debug|Any CPU
		{516C0B64-7D02-444A-906E-16AD5411AC39}.Debug|Any CPU.Build.0 = Debug|Any CPU
		{516C0B64-7D02-444A-906E-16AD5411AC39}.Release|Any CPU.ActiveCfg = Release|Any CPU
		{516C0B64-7D02-444A-906E-16AD5411AC39}.Release|Any CPU.Build.0 = Release|Any CPU
		{C5E0F05C-07B2-46E3-970D-A2BFAE2237DD}.Debug|Any CPU.ActiveCfg = Debug|Any CPU
		{C5E0F05C-07B2-46E3-970D-A2BFAE2237DD}.Debug|Any CPU.Build.0 = Debug|Any CPU
		{C5E0F05C-07B2-46E3-970D-A2BFAE2237DD}.Release|Any CPU.ActiveCfg = Release|Any CPU
		{C5E0F05C-07B2-46E3-970D-A2BFAE2237DD}.Release|Any CPU.Build.0 = Release|Any CPU
		{6A84BE6E-C2EC-4FC7-B462-2BDFCDEFEF52}.Debug|Any CPU.ActiveCfg = Debug|Any CPU
		{6A84BE6E-C2EC-4FC7-B462-2BDFCDEFEF52}.Debug|Any CPU.Build.0 = Debug|Any CPU
		{6A84BE6E-C2EC-4FC7-B462-2BDFCDEFEF52}.Release|Any CPU.ActiveCfg = Release|Any CPU
		{6A84BE6E-C2EC-4FC7-B462-2BDFCDEFEF52}.Release|Any CPU.Build.0 = Release|Any CPU
	EndGlobalSection
	GlobalSection(SolutionProperties) = preSolution
		HideSolutionNode = FALSE
	EndGlobalSection
	GlobalSection(Performance) = preSolution
		HasPerformanceSessions = true
	EndGlobalSection
EndGlobal
