
Microsoft Visual Studio Solution File, Format Version 12.00
# Visual Studio 2012
Project("{FAE04EC0-301F-11D3-BF4B-00C04F79EFBC}") = "Firebrand.Demos.Demo01_Operators", "Firebrand.Demos.Demo01_Operators\Firebrand.Demos.Demo01_Operators.csproj", "{00EB4832-D02C-4606-A50B-AAAB6280E148}"
EndProject
Project("{FAE04EC0-301F-11D3-BF4B-00C04F79EFBC}") = "Firebrand.Demos.Demo02_Arrays", "FireBrand.Demos.Demo02_Arrays\Firebrand.Demos.Demo02_Arrays.csproj", "{88C69DF3-EC15-43E4-891C-DEBB4BD05589}"
EndProject
Project("{FAE04EC0-301F-11D3-BF4B-00C04F79EFBC}") = "Firebrand.Demos.Demo03_ClassLibrary", "Firebrand.Demos.Demo03_ClassLibrary\Firebrand.Demos.Demo03_ClassLibrary.csproj", "{C93FD6F0-9276-431E-8CB3-FB00FE155F39}"
EndProject
Project("{FAE04EC0-301F-11D3-BF4B-00C04F79EFBC}") = "Firebrand.Demos.Demo04_Inheritance", "Firebrand.Demos.Demo04_Inheritance\Firebrand.Demos.Demo04_Inheritance.csproj", "{FB6E1215-E475-46FC-A3FA-E8D39C40B0B5}"
EndProject
Project("{FAE04EC0-301F-11D3-BF4B-00C04F79EFBC}") = "Firebrand.Demos.Demo05_Objects", "Firebrand.Demos.Demo05_Objects\Firebrand.Demos.Demo05_Objects.csproj", "{516C0B64-7D02-444A-906E-16AD5411AC39}"
EndProject
Project("{FAE04EC0-301F-11D3-BF4B-00C04F79EFBC}") = "Firebrand.Demos.Demo06_Diagnostics", "Firebrand.Demo.Demo06_Diagnostics\Firebrand.Demos.Demo06_Diagnostics.csproj", "{C5E0F05C-07B2-46E3-970D-A2BFAE2237DD}"
EndProject
Project("{FAE04EC0-301F-11D3-BF4B-00C04F79EFBC}") = "Firebrand.Demos.Demo07_EventLog", "Firebrand.Demos.Demo07_EventLog\Firebrand.Demos.Demo07_EventLog.csproj", "{6A84BE6E-C2EC-4FC7-B462-2BDFCDEFEF52}"
EndProject
Project("{FAE04EC0-301F-11D3-BF4B-00C04F79EFBC}") = "Firebrand.Demos.Demo08_Tracing", "Firebrand.Demos.Demo08_Tracing\Firebrand.Demos.Demo08_Tracing.csproj", "{94696465-290D-4F97-A75E-A36F8EC3DA9D}"
EndProject
Project("{FAE04EC0-301F-11D3-BF4B-00C04F79EFBC}") = "Firebrand.Demos.Demo09_Structs", "Firebrand.Demos.Demo09_Structs\Firebrand.Demos.Demo09_Structs.csproj", "{1A5F1713-B912-413A-90DE-2AAA43F70199}"
EndProject
Project("{FAE04EC0-301F-11D3-BF4B-00C04F79EFBC}") = "Firebrand.Demos.Demo10_EventHandling", "Firebrand.Demos.Demo10_EventHandling\Firebrand.Demos.Demo10_EventHandling.csproj", "{FAEE71C6-5DBC-4319-921D-328BF5D02A9C}"
EndProject
Project("{FAE04EC0-301F-11D3-BF4B-00C04F79EFBC}") = "Firebrand.Demos.Demo11_UnitTest", "Firebrand.Demos.Demo11_UnitTest\Firebrand.Demos.Demo11_UnitTest.csproj", "{EB27B957-5E1D-4117-839A-2578E1AFC9DD}"
EndProject
Project("{FAE04EC0-301F-11D3-BF4B-00C04F79EFBC}") = "Firebrand.Demos.Demo12_OOP", "Firebrand.Demos.Demo12_OOP\Firebrand.Demos.Demo12_OOP.csproj", "{B52F692E-429A-4644-BCBA-9A91E676EEE8}"
EndProject
Project("{FAE04EC0-301F-11D3-BF4B-00C04F79EFBC}") = "Firebrand.Demos.Demo13_ObjectInheritance", "Firebrand.Demos.Demo13_ObjectInheritance\Firebrand.Demos.Demo13_ObjectInheritance.csproj", "{98DA876E-B474-46AC-B2BD-A4DDD9AA5453}"
EndProject
Project("{FAE04EC0-301F-11D3-BF4B-00C04F79EFBC}") = "Firebrand.Demos.Demo14_ExtensionMethods", "Firebrand.Demos.Demo14_ExtensionMethods\Firebrand.Demos.Demo14_ExtensionMethods.csproj", "{9358EC10-5C2A-41D9-BE01-A3C004A01E2E}"
EndProject
Project("{FAE04EC0-301F-11D3-BF4B-00C04F79EFBC}") = "Firebrand.Demos.Demo15_IO", "Firebrand.Demos.Demo15_IO\Firebrand.Demos.Demo15_IO.csproj", "{23B678E2-464A-46FC-B5C7-C5DD260D8C73}"
EndProject
Project("{FAE04EC0-301F-11D3-BF4B-00C04F79EFBC}") = "Firebrand.Demos.Demo16_Serialization", "Firebrand.Demos.Demo16_Serialization\Firebrand.Demos.Demo16_Serialization.csproj", "{54AFED1D-02BA-4124-8B05-EBC6A58C30F1}"
EndProject
Project("{FAE04EC0-301F-11D3-BF4B-00C04F79EFBC}") = "Firebrand.Demos.Demo17_EnitityFramework", "Firebrand.Demos.Demo17_EnitityFramework\Firebrand.Demos.Demo17_EnitityFramework.csproj", "{3D234BD1-7FAA-4FEC-921F-FCA33CF600F2}"
EndProject
Global
	GlobalSection(SolutionConfigurationPlatforms) = preSolution
		Debug|Any CPU = Debug|Any CPU
		Release|Any CPU = Release|Any CPU
	EndGlobalSection
	GlobalSection(ProjectConfigurationPlatforms) = postSolution
		{00EB4832-D02C-4606-A50B-AAAB6280E148}.Debug|Any CPU.ActiveCfg = Debug|Any CPU
		{00EB4832-D02C-4606-A50B-AAAB6280E148}.Debug|Any CPU.Build.0 = Debug|Any CPU
		{00EB4832-D02C-4606-A50B-AAAB6280E148}.Release|Any CPU.ActiveCfg = Release|Any CPU
		{00EB4832-D02C-4606-A50B-AAAB6280E148}.Release|Any CPU.Build.0 = Release|Any CPU
		{88C69DF3-EC15-43E4-891C-DEBB4BD05589}.Debug|Any CPU.ActiveCfg = Debug|Any CPU
		{88C69DF3-EC15-43E4-891C-DEBB4BD05589}.Debug|Any CPU.Build.0 = Debug|Any CPU
		{88C69DF3-EC15-43E4-891C-DEBB4BD05589}.Release|Any CPU.ActiveCfg = Release|Any CPU
		{88C69DF3-EC15-43E4-891C-DEBB4BD05589}.Release|Any CPU.Build.0 = Release|Any CPU
		{C93FD6F0-9276-431E-8CB3-FB00FE155F39}.Debug|Any CPU.ActiveCfg = Debug|Any CPU
		{C93FD6F0-9276-431E-8CB3-FB00FE155F39}.Debug|Any CPU.Build.0 = Debug|Any CPU
		{C93FD6F0-9276-431E-8CB3-FB00FE155F39}.Release|Any CPU.ActiveCfg = Release|Any CPU
		{C93FD6F0-9276-431E-8CB3-FB00FE155F39}.Release|Any CPU.Build.0 = Release|Any CPU
		{FB6E1215-E475-46FC-A3FA-E8D39C40B0B5}.Debug|Any CPU.ActiveCfg = Debug|Any CPU
		{FB6E1215-E475-46FC-A3FA-E8D39C40B0B5}.Debug|Any CPU.Build.0 = Debug|Any CPU
		{FB6E1215-E475-46FC-A3FA-E8D39C40B0B5}.Release|Any CPU.ActiveCfg = Release|Any CPU
		{FB6E1215-E475-46FC-A3FA-E8D39C40B0B5}.Release|Any CPU.Build.0 = Release|Any CPU
		{516C0B64-7D02-444A-906E-16AD5411AC39}.Debug|Any CPU.ActiveCfg = Debug|Any CPU
		{516C0B64-7D02-444A-906E-16AD5411AC39}.Debug|Any CPU.Build.0 = Debug|Any CPU
		{516C0B64-7D02-444A-906E-16AD5411AC39}.Release|Any CPU.ActiveCfg = Release|Any CPU
		{516C0B64-7D02-444A-906E-16AD5411AC39}.Release|Any CPU.Build.0 = Release|Any CPU
		{C5E0F05C-07B2-46E3-970D-A2BFAE2237DD}.Debug|Any CPU.ActiveCfg = Debug|Any CPU
		{C5E0F05C-07B2-46E3-970D-A2BFAE2237DD}.Debug|Any CPU.Build.0 = Debug|Any CPU
		{C5E0F05C-07B2-46E3-970D-A2BFAE2237DD}.Release|Any CPU.ActiveCfg = Release|Any CPU
		{C5E0F05C-07B2-46E3-970D-A2BFAE2237DD}.Release|Any CPU.Build.0 = Release|Any CPU
		{6A84BE6E-C2EC-4FC7-B462-2BDFCDEFEF52}.Debug|Any CPU.ActiveCfg = Debug|Any CPU
		{6A84BE6E-C2EC-4FC7-B462-2BDFCDEFEF52}.Debug|Any CPU.Build.0 = Debug|Any CPU
		{6A84BE6E-C2EC-4FC7-B462-2BDFCDEFEF52}.Release|Any CPU.ActiveCfg = Release|Any CPU
		{6A84BE6E-C2EC-4FC7-B462-2BDFCDEFEF52}.Release|Any CPU.Build.0 = Release|Any CPU
		{94696465-290D-4F97-A75E-A36F8EC3DA9D}.Debug|Any CPU.ActiveCfg = Debug|Any CPU
		{94696465-290D-4F97-A75E-A36F8EC3DA9D}.Debug|Any CPU.Build.0 = Debug|Any CPU
		{94696465-290D-4F97-A75E-A36F8EC3DA9D}.Release|Any CPU.ActiveCfg = Release|Any CPU
		{94696465-290D-4F97-A75E-A36F8EC3DA9D}.Release|Any CPU.Build.0 = Release|Any CPU
		{1A5F1713-B912-413A-90DE-2AAA43F70199}.Debug|Any CPU.ActiveCfg = Debug|Any CPU
		{1A5F1713-B912-413A-90DE-2AAA43F70199}.Debug|Any CPU.Build.0 = Debug|Any CPU
		{1A5F1713-B912-413A-90DE-2AAA43F70199}.Release|Any CPU.ActiveCfg = Release|Any CPU
		{1A5F1713-B912-413A-90DE-2AAA43F70199}.Release|Any CPU.Build.0 = Release|Any CPU
		{FAEE71C6-5DBC-4319-921D-328BF5D02A9C}.Debug|Any CPU.ActiveCfg = Debug|Any CPU
		{FAEE71C6-5DBC-4319-921D-328BF5D02A9C}.Debug|Any CPU.Build.0 = Debug|Any CPU
		{FAEE71C6-5DBC-4319-921D-328BF5D02A9C}.Release|Any CPU.ActiveCfg = Release|Any CPU
		{FAEE71C6-5DBC-4319-921D-328BF5D02A9C}.Release|Any CPU.Build.0 = Release|Any CPU
		{EB27B957-5E1D-4117-839A-2578E1AFC9DD}.Debug|Any CPU.ActiveCfg = Debug|Any CPU
		{EB27B957-5E1D-4117-839A-2578E1AFC9DD}.Debug|Any CPU.Build.0 = Debug|Any CPU
		{EB27B957-5E1D-4117-839A-2578E1AFC9DD}.Release|Any CPU.ActiveCfg = Release|Any CPU
		{EB27B957-5E1D-4117-839A-2578E1AFC9DD}.Release|Any CPU.Build.0 = Release|Any CPU
		{B52F692E-429A-4644-BCBA-9A91E676EEE8}.Debug|Any CPU.ActiveCfg = Debug|Any CPU
		{B52F692E-429A-4644-BCBA-9A91E676EEE8}.Debug|Any CPU.Build.0 = Debug|Any CPU
		{B52F692E-429A-4644-BCBA-9A91E676EEE8}.Release|Any CPU.ActiveCfg = Release|Any CPU
		{B52F692E-429A-4644-BCBA-9A91E676EEE8}.Release|Any CPU.Build.0 = Release|Any CPU
		{98DA876E-B474-46AC-B2BD-A4DDD9AA5453}.Debug|Any CPU.ActiveCfg = Debug|Any CPU
		{98DA876E-B474-46AC-B2BD-A4DDD9AA5453}.Debug|Any CPU.Build.0 = Debug|Any CPU
		{98DA876E-B474-46AC-B2BD-A4DDD9AA5453}.Release|Any CPU.ActiveCfg = Release|Any CPU
		{98DA876E-B474-46AC-B2BD-A4DDD9AA5453}.Release|Any CPU.Build.0 = Release|Any CPU
		{9358EC10-5C2A-41D9-BE01-A3C004A01E2E}.Debug|Any CPU.ActiveCfg = Debug|Any CPU
		{9358EC10-5C2A-41D9-BE01-A3C004A01E2E}.Debug|Any CPU.Build.0 = Debug|Any CPU
		{9358EC10-5C2A-41D9-BE01-A3C004A01E2E}.Release|Any CPU.ActiveCfg = Release|Any CPU
		{9358EC10-5C2A-41D9-BE01-A3C004A01E2E}.Release|Any CPU.Build.0 = Release|Any CPU
		{23B678E2-464A-46FC-B5C7-C5DD260D8C73}.Debug|Any CPU.ActiveCfg = Debug|Any CPU
		{23B678E2-464A-46FC-B5C7-C5DD260D8C73}.Debug|Any CPU.Build.0 = Debug|Any CPU
		{23B678E2-464A-46FC-B5C7-C5DD260D8C73}.Release|Any CPU.ActiveCfg = Release|Any CPU
		{23B678E2-464A-46FC-B5C7-C5DD260D8C73}.Release|Any CPU.Build.0 = Release|Any CPU
		{54AFED1D-02BA-4124-8B05-EBC6A58C30F1}.Debug|Any CPU.ActiveCfg = Debug|Any CPU
		{54AFED1D-02BA-4124-8B05-EBC6A58C30F1}.Debug|Any CPU.Build.0 = Debug|Any CPU
		{54AFED1D-02BA-4124-8B05-EBC6A58C30F1}.Release|Any CPU.ActiveCfg = Release|Any CPU
		{54AFED1D-02BA-4124-8B05-EBC6A58C30F1}.Release|Any CPU.Build.0 = Release|Any CPU
		{3D234BD1-7FAA-4FEC-921F-FCA33CF600F2}.Debug|Any CPU.ActiveCfg = Debug|Any CPU
		{3D234BD1-7FAA-4FEC-921F-FCA33CF600F2}.Debug|Any CPU.Build.0 = Debug|Any CPU
		{3D234BD1-7FAA-4FEC-921F-FCA33CF600F2}.Release|Any CPU.ActiveCfg = Release|Any CPU
		{3D234BD1-7FAA-4FEC-921F-FCA33CF600F2}.Release|Any CPU.Build.0 = Release|Any CPU
	EndGlobalSection
	GlobalSection(SolutionProperties) = preSolution
		HideSolutionNode = FALSE
	EndGlobalSection
	GlobalSection(Performance) = preSolution
		HasPerformanceSessions = true
	EndGlobalSection
EndGlobal
